// !$*UTF8*$!
{
	archiveVersion = 1;
	classes = {
	};
	objectVersion = 55;
	objects = {

/* Begin PBXBuildFile section */
		29696D5C28CA588600DEAB9E /* AppDelegate.swift in Sources */ = {isa = PBXBuildFile; fileRef = 29696D5B28CA588600DEAB9E /* AppDelegate.swift */; };
		29696D5E28CA588600DEAB9E /* SceneDelegate.swift in Sources */ = {isa = PBXBuildFile; fileRef = 29696D5D28CA588600DEAB9E /* SceneDelegate.swift */; };
		29696D6028CA588600DEAB9E /* AuthorizationLoginViewController.swift in Sources */ = {isa = PBXBuildFile; fileRef = 29696D5F28CA588600DEAB9E /* AuthorizationLoginViewController.swift */; };
		29696D6328CA588600DEAB9E /* Main.storyboard in Resources */ = {isa = PBXBuildFile; fileRef = 29696D6128CA588600DEAB9E /* Main.storyboard */; };
		29696D6528CA588700DEAB9E /* Assets.xcassets in Resources */ = {isa = PBXBuildFile; fileRef = 29696D6428CA588700DEAB9E /* Assets.xcassets */; };
		29696D7728CA6C2100DEAB9E /* UITextField+Extension.swift in Sources */ = {isa = PBXBuildFile; fileRef = 29696D7628CA6C2100DEAB9E /* UITextField+Extension.swift */; };
		296E94CB28CCA1CB00A64242 /* HomeViewController.swift in Sources */ = {isa = PBXBuildFile; fileRef = 296E94C928CCA1CB00A64242 /* HomeViewController.swift */; };
		296E94CC28CCA1CB00A64242 /* HomeViewController.xib in Resources */ = {isa = PBXBuildFile; fileRef = 296E94CA28CCA1CB00A64242 /* HomeViewController.xib */; };
		296E94D028CE20CD00A64242 /* MokViewController.swift in Sources */ = {isa = PBXBuildFile; fileRef = 296E94CE28CE20CD00A64242 /* MokViewController.swift */; };
		296E94D128CE20CD00A64242 /* MokViewController.xib in Resources */ = {isa = PBXBuildFile; fileRef = 296E94CF28CE20CD00A64242 /* MokViewController.xib */; };
		2971CEAD28CF1406001AB0C1 /* UIViewController+Extension.swift in Sources */ = {isa = PBXBuildFile; fileRef = 2971CEAC28CF1406001AB0C1 /* UIViewController+Extension.swift */; };
		2971CEB128CF176C001AB0C1 /* HomePresenter.swift in Sources */ = {isa = PBXBuildFile; fileRef = 2971CEB028CF176C001AB0C1 /* HomePresenter.swift */; };
		2971CEB428CF18BE001AB0C1 /* ViewModel.swift in Sources */ = {isa = PBXBuildFile; fileRef = 2971CEB328CF18BE001AB0C1 /* ViewModel.swift */; };
		2971CEB628CF1B57001AB0C1 /* UIColor+Extension.swift in Sources */ = {isa = PBXBuildFile; fileRef = 2971CEB528CF1B57001AB0C1 /* UIColor+Extension.swift */; };
		29F1BDB528CB11F500F51316 /* PaddingLabel.swift in Sources */ = {isa = PBXBuildFile; fileRef = 29F1BDB428CB11F500F51316 /* PaddingLabel.swift */; };
		29F1BDB728CB12C800F51316 /* PhoneUserModel.swift in Sources */ = {isa = PBXBuildFile; fileRef = 29F1BDB628CB12C800F51316 /* PhoneUserModel.swift */; };
		29F1BDB928CB13CC00F51316 /* AuthorizationService.swift in Sources */ = {isa = PBXBuildFile; fileRef = 29F1BDB828CB13CC00F51316 /* AuthorizationService.swift */; };
		29F1BDBB28CB169F00F51316 /* LoginPresenter.swift in Sources */ = {isa = PBXBuildFile; fileRef = 29F1BDBA28CB169F00F51316 /* LoginPresenter.swift */; };
		29F1BDBF28CB1BC700F51316 /* LoginUserModel.swift in Sources */ = {isa = PBXBuildFile; fileRef = 29F1BDBE28CB1BC700F51316 /* LoginUserModel.swift */; };
		29F1BDC228CB29CC00F51316 /* UserModelType.swift in Sources */ = {isa = PBXBuildFile; fileRef = 29F1BDC128CB29CC00F51316 /* UserModelType.swift */; };
/* End PBXBuildFile section */

/* Begin PBXFileReference section */
		29696D5828CA588600DEAB9E /* PostKzTest.app */ = {isa = PBXFileReference; explicitFileType = wrapper.application; includeInIndex = 0; path = PostKzTest.app; sourceTree = BUILT_PRODUCTS_DIR; };
		29696D5B28CA588600DEAB9E /* AppDelegate.swift */ = {isa = PBXFileReference; lastKnownFileType = sourcecode.swift; path = AppDelegate.swift; sourceTree = "<group>"; };
		29696D5D28CA588600DEAB9E /* SceneDelegate.swift */ = {isa = PBXFileReference; lastKnownFileType = sourcecode.swift; path = SceneDelegate.swift; sourceTree = "<group>"; };
		29696D5F28CA588600DEAB9E /* AuthorizationLoginViewController.swift */ = {isa = PBXFileReference; lastKnownFileType = sourcecode.swift; path = AuthorizationLoginViewController.swift; sourceTree = "<group>"; };
		29696D6228CA588600DEAB9E /* Base */ = {isa = PBXFileReference; lastKnownFileType = file.storyboard; name = Base; path = Base.lproj/Main.storyboard; sourceTree = "<group>"; };
		29696D6428CA588700DEAB9E /* Assets.xcassets */ = {isa = PBXFileReference; lastKnownFileType = folder.assetcatalog; path = Assets.xcassets; sourceTree = "<group>"; };
		29696D6928CA588700DEAB9E /* Info.plist */ = {isa = PBXFileReference; lastKnownFileType = text.plist.xml; path = Info.plist; sourceTree = "<group>"; };
		29696D7628CA6C2100DEAB9E /* UITextField+Extension.swift */ = {isa = PBXFileReference; lastKnownFileType = sourcecode.swift; path = "UITextField+Extension.swift"; sourceTree = "<group>"; };
		296E94C928CCA1CB00A64242 /* HomeViewController.swift */ = {isa = PBXFileReference; lastKnownFileType = sourcecode.swift; path = HomeViewController.swift; sourceTree = "<group>"; };
		296E94CA28CCA1CB00A64242 /* HomeViewController.xib */ = {isa = PBXFileReference; lastKnownFileType = file.xib; path = HomeViewController.xib; sourceTree = "<group>"; };
		296E94CE28CE20CD00A64242 /* MokViewController.swift */ = {isa = PBXFileReference; lastKnownFileType = sourcecode.swift; path = MokViewController.swift; sourceTree = "<group>"; };
		296E94CF28CE20CD00A64242 /* MokViewController.xib */ = {isa = PBXFileReference; lastKnownFileType = file.xib; path = MokViewController.xib; sourceTree = "<group>"; };
		2971CEAC28CF1406001AB0C1 /* UIViewController+Extension.swift */ = {isa = PBXFileReference; lastKnownFileType = sourcecode.swift; path = "UIViewController+Extension.swift"; sourceTree = "<group>"; };
		2971CEB028CF176C001AB0C1 /* HomePresenter.swift */ = {isa = PBXFileReference; lastKnownFileType = sourcecode.swift; path = HomePresenter.swift; sourceTree = "<group>"; };
		2971CEB328CF18BE001AB0C1 /* ViewModel.swift */ = {isa = PBXFileReference; lastKnownFileType = sourcecode.swift; path = ViewModel.swift; sourceTree = "<group>"; };
		2971CEB528CF1B57001AB0C1 /* UIColor+Extension.swift */ = {isa = PBXFileReference; lastKnownFileType = sourcecode.swift; path = "UIColor+Extension.swift"; sourceTree = "<group>"; };
		29F1BDB428CB11F500F51316 /* PaddingLabel.swift */ = {isa = PBXFileReference; lastKnownFileType = sourcecode.swift; path = PaddingLabel.swift; sourceTree = "<group>"; };
		29F1BDB628CB12C800F51316 /* PhoneUserModel.swift */ = {isa = PBXFileReference; lastKnownFileType = sourcecode.swift; path = PhoneUserModel.swift; sourceTree = "<group>"; };
		29F1BDB828CB13CC00F51316 /* AuthorizationService.swift */ = {isa = PBXFileReference; lastKnownFileType = sourcecode.swift; path = AuthorizationService.swift; sourceTree = "<group>"; };
		29F1BDBA28CB169F00F51316 /* LoginPresenter.swift */ = {isa = PBXFileReference; lastKnownFileType = sourcecode.swift; path = LoginPresenter.swift; sourceTree = "<group>"; };
		29F1BDBE28CB1BC700F51316 /* LoginUserModel.swift */ = {isa = PBXFileReference; lastKnownFileType = sourcecode.swift; path = LoginUserModel.swift; sourceTree = "<group>"; };
		29F1BDC128CB29CC00F51316 /* UserModelType.swift */ = {isa = PBXFileReference; lastKnownFileType = sourcecode.swift; path = UserModelType.swift; sourceTree = "<group>"; };
/* End PBXFileReference section */

/* Begin PBXFrameworksBuildPhase section */
		29696D5528CA588600DEAB9E /* Frameworks */ = {
			isa = PBXFrameworksBuildPhase;
			buildActionMask = 2147483647;
			files = (
			);
			runOnlyForDeploymentPostprocessing = 0;
		};
/* End PBXFrameworksBuildPhase section */

/* Begin PBXGroup section */
		29696D4F28CA588600DEAB9E = {
			isa = PBXGroup;
			children = (
				29696D5A28CA588600DEAB9E /* PostKzTest */,
				29696D5928CA588600DEAB9E /* Products */,
			);
			sourceTree = "<group>";
		};
		29696D5928CA588600DEAB9E /* Products */ = {
			isa = PBXGroup;
			children = (
				29696D5828CA588600DEAB9E /* PostKzTest.app */,
			);
			name = Products;
			sourceTree = "<group>";
		};
		29696D5A28CA588600DEAB9E /* PostKzTest */ = {
			isa = PBXGroup;
			children = (
				29696D7028CA6B1500DEAB9E /* Core */,
				29696D7328CA6B6700DEAB9E /* Modules */,
			);
			path = PostKzTest;
			sourceTree = "<group>";
		};
		29696D6F28CA6AEC00DEAB9E /* Authorization */ = {
			isa = PBXGroup;
			children = (
				29F1BDC028CB1E6500F51316 /* AuthorizationModels */,
				29F1BDC328CB850F00F51316 /* AuthorizationView */,
				29F1BDC528CB852F00F51316 /* AuthorizationPresenter */,
				29F1BDC428CB852600F51316 /* AuthorizationServices */,
			);
			path = Authorization;
			sourceTree = "<group>";
		};
		29696D7028CA6B1500DEAB9E /* Core */ = {
			isa = PBXGroup;
			children = (
				29696D7428CA6BF900DEAB9E /* UI */,
				29696D7128CA6B2D00DEAB9E /* App */,
				29696D7228CA6B4F00DEAB9E /* Resourses */,
			);
			path = Core;
			sourceTree = "<group>";
		};
		29696D7128CA6B2D00DEAB9E /* App */ = {
			isa = PBXGroup;
			children = (
				29696D5B28CA588600DEAB9E /* AppDelegate.swift */,
				29696D5D28CA588600DEAB9E /* SceneDelegate.swift */,
			);
			path = App;
			sourceTree = "<group>";
		};
		29696D7228CA6B4F00DEAB9E /* Resourses */ = {
			isa = PBXGroup;
			children = (
				29696D6428CA588700DEAB9E /* Assets.xcassets */,
				29696D6928CA588700DEAB9E /* Info.plist */,
			);
			path = Resourses;
			sourceTree = "<group>";
		};
		29696D7328CA6B6700DEAB9E /* Modules */ = {
			isa = PBXGroup;
			children = (
				296E94CD28CE209600A64242 /* Mok */,
				29F1BDC628CB867F00F51316 /* Home */,
				29696D6F28CA6AEC00DEAB9E /* Authorization */,
			);
			path = Modules;
			sourceTree = "<group>";
		};
		29696D7428CA6BF900DEAB9E /* UI */ = {
			isa = PBXGroup;
			children = (
				29696D7528CA6C0500DEAB9E /* Extensions */,
				29F1BDB428CB11F500F51316 /* PaddingLabel.swift */,
			);
			path = UI;
			sourceTree = "<group>";
		};
		29696D7528CA6C0500DEAB9E /* Extensions */ = {
			isa = PBXGroup;
			children = (
				29696D7628CA6C2100DEAB9E /* UITextField+Extension.swift */,
				2971CEAC28CF1406001AB0C1 /* UIViewController+Extension.swift */,
				2971CEB528CF1B57001AB0C1 /* UIColor+Extension.swift */,
			);
			path = Extensions;
			sourceTree = "<group>";
		};
		296E94CD28CE209600A64242 /* Mok */ = {
			isa = PBXGroup;
			children = (
				296E94CE28CE20CD00A64242 /* MokViewController.swift */,
				296E94CF28CE20CD00A64242 /* MokViewController.xib */,
			);
			path = Mok;
			sourceTree = "<group>";
		};
		2971CEAE28CF1734001AB0C1 /* HomeView */ = {
			isa = PBXGroup;
			children = (
				296E94C928CCA1CB00A64242 /* HomeViewController.swift */,
				296E94CA28CCA1CB00A64242 /* HomeViewController.xib */,
			);
			path = HomeView;
			sourceTree = "<group>";
		};
		2971CEAF28CF175D001AB0C1 /* HomePresenter */ = {
			isa = PBXGroup;
			children = (
				2971CEB028CF176C001AB0C1 /* HomePresenter.swift */,
			);
			path = HomePresenter;
			sourceTree = "<group>";
		};
		2971CEB228CF18B3001AB0C1 /* HomeModel */ = {
			isa = PBXGroup;
			children = (
				2971CEB328CF18BE001AB0C1 /* ViewModel.swift */,
			);
			path = HomeModel;
			sourceTree = "<group>";
		};
		29F1BDC028CB1E6500F51316 /* AuthorizationModels */ = {
			isa = PBXGroup;
			children = (
				29F1BDB628CB12C800F51316 /* PhoneUserModel.swift */,
				29F1BDC128CB29CC00F51316 /* UserModelType.swift */,
				29F1BDBE28CB1BC700F51316 /* LoginUserModel.swift */,
			);
			path = AuthorizationModels;
			sourceTree = "<group>";
		};
		29F1BDC328CB850F00F51316 /* AuthorizationView */ = {
			isa = PBXGroup;
			children = (
				29696D5F28CA588600DEAB9E /* AuthorizationLoginViewController.swift */,
				29696D6128CA588600DEAB9E /* Main.storyboard */,
			);
			path = AuthorizationView;
			sourceTree = "<group>";
		};
		29F1BDC428CB852600F51316 /* AuthorizationServices */ = {
			isa = PBXGroup;
			children = (
				29F1BDB828CB13CC00F51316 /* AuthorizationService.swift */,
			);
			path = AuthorizationServices;
			sourceTree = "<group>";
		};
		29F1BDC528CB852F00F51316 /* AuthorizationPresenter */ = {
			isa = PBXGroup;
			children = (
				29F1BDBA28CB169F00F51316 /* LoginPresenter.swift */,
			);
			path = AuthorizationPresenter;
			sourceTree = "<group>";
		};
		29F1BDC628CB867F00F51316 /* Home */ = {
			isa = PBXGroup;
			children = (
				2971CEB228CF18B3001AB0C1 /* HomeModel */,
				2971CEAF28CF175D001AB0C1 /* HomePresenter */,
				2971CEAE28CF1734001AB0C1 /* HomeView */,
			);
			path = Home;
			sourceTree = "<group>";
		};
/* End PBXGroup section */

/* Begin PBXNativeTarget section */
		29696D5728CA588600DEAB9E /* PostKzTest */ = {
			isa = PBXNativeTarget;
			buildConfigurationList = 29696D6C28CA588700DEAB9E /* Build configuration list for PBXNativeTarget "PostKzTest" */;
			buildPhases = (
				29696D5428CA588600DEAB9E /* Sources */,
				29696D5528CA588600DEAB9E /* Frameworks */,
				29696D5628CA588600DEAB9E /* Resources */,
			);
			buildRules = (
			);
			dependencies = (
			);
			name = PostKzTest;
			productName = PostKzTest;
			productReference = 29696D5828CA588600DEAB9E /* PostKzTest.app */;
			productType = "com.apple.product-type.application";
		};
/* End PBXNativeTarget section */

/* Begin PBXProject section */
		29696D5028CA588600DEAB9E /* Project object */ = {
			isa = PBXProject;
			attributes = {
				BuildIndependentTargetsInParallel = 1;
				LastSwiftUpdateCheck = 1340;
				LastUpgradeCheck = 1340;
				TargetAttributes = {
					29696D5728CA588600DEAB9E = {
						CreatedOnToolsVersion = 13.4.1;
					};
				};
			};
			buildConfigurationList = 29696D5328CA588600DEAB9E /* Build configuration list for PBXProject "PostKzTest" */;
			compatibilityVersion = "Xcode 13.0";
			developmentRegion = en;
			hasScannedForEncodings = 0;
			knownRegions = (
				en,
				Base,
			);
			mainGroup = 29696D4F28CA588600DEAB9E;
			productRefGroup = 29696D5928CA588600DEAB9E /* Products */;
			projectDirPath = "";
			projectRoot = "";
			targets = (
				29696D5728CA588600DEAB9E /* PostKzTest */,
			);
		};
/* End PBXProject section */

/* Begin PBXResourcesBuildPhase section */
		29696D5628CA588600DEAB9E /* Resources */ = {
			isa = PBXResourcesBuildPhase;
			buildActionMask = 2147483647;
			files = (
				296E94D128CE20CD00A64242 /* MokViewController.xib in Resources */,
				29696D6528CA588700DEAB9E /* Assets.xcassets in Resources */,
				29696D6328CA588600DEAB9E /* Main.storyboard in Resources */,
				296E94CC28CCA1CB00A64242 /* HomeViewController.xib in Resources */,
			);
			runOnlyForDeploymentPostprocessing = 0;
		};
/* End PBXResourcesBuildPhase section */

/* Begin PBXSourcesBuildPhase section */
		29696D5428CA588600DEAB9E /* Sources */ = {
			isa = PBXSourcesBuildPhase;
			buildActionMask = 2147483647;
			files = (
				29F1BDC228CB29CC00F51316 /* UserModelType.swift in Sources */,
				2971CEAD28CF1406001AB0C1 /* UIViewController+Extension.swift in Sources */,
				29F1BDBF28CB1BC700F51316 /* LoginUserModel.swift in Sources */,
				296E94CB28CCA1CB00A64242 /* HomeViewController.swift in Sources */,
				29F1BDBB28CB169F00F51316 /* LoginPresenter.swift in Sources */,
				296E94D028CE20CD00A64242 /* MokViewController.swift in Sources */,
				29696D6028CA588600DEAB9E /* AuthorizationLoginViewController.swift in Sources */,
				2971CEB628CF1B57001AB0C1 /* UIColor+Extension.swift in Sources */,
				2971CEB128CF176C001AB0C1 /* HomePresenter.swift in Sources */,
				2971CEB428CF18BE001AB0C1 /* ViewModel.swift in Sources */,
				29F1BDB928CB13CC00F51316 /* AuthorizationService.swift in Sources */,
				29F1BDB528CB11F500F51316 /* PaddingLabel.swift in Sources */,
				29696D7728CA6C2100DEAB9E /* UITextField+Extension.swift in Sources */,
				29696D5C28CA588600DEAB9E /* AppDelegate.swift in Sources */,
				29F1BDB728CB12C800F51316 /* PhoneUserModel.swift in Sources */,
				29696D5E28CA588600DEAB9E /* SceneDelegate.swift in Sources */,
			);
			runOnlyForDeploymentPostprocessing = 0;
		};
/* End PBXSourcesBuildPhase section */

/* Begin PBXVariantGroup section */
		29696D6128CA588600DEAB9E /* Main.storyboard */ = {
			isa = PBXVariantGroup;
			children = (
				29696D6228CA588600DEAB9E /* Base */,
			);
			name = Main.storyboard;
			sourceTree = "<group>";
		};
/* End PBXVariantGroup section */

/* Begin XCBuildConfiguration section */
		29696D6A28CA588700DEAB9E /* Debug */ = {
			isa = XCBuildConfiguration;
			buildSettings = {
				ALWAYS_SEARCH_USER_PATHS = NO;
				CLANG_ANALYZER_NONNULL = YES;
				CLANG_ANALYZER_NUMBER_OBJECT_CONVERSION = YES_AGGRESSIVE;
				CLANG_CXX_LANGUAGE_STANDARD = "gnu++17";
				CLANG_ENABLE_MODULES = YES;
				CLANG_ENABLE_OBJC_ARC = YES;
				CLANG_ENABLE_OBJC_WEAK = YES;
				CLANG_WARN_BLOCK_CAPTURE_AUTORELEASING = YES;
				CLANG_WARN_BOOL_CONVERSION = YES;
				CLANG_WARN_COMMA = YES;
				CLANG_WARN_CONSTANT_CONVERSION = YES;
				CLANG_WARN_DEPRECATED_OBJC_IMPLEMENTATIONS = YES;
				CLANG_WARN_DIRECT_OBJC_ISA_USAGE = YES_ERROR;
				CLANG_WARN_DOCUMENTATION_COMMENTS = YES;
				CLANG_WARN_EMPTY_BODY = YES;
				CLANG_WARN_ENUM_CONVERSION = YES;
				CLANG_WARN_INFINITE_RECURSION = YES;
				CLANG_WARN_INT_CONVERSION = YES;
				CLANG_WARN_NON_LITERAL_NULL_CONVERSION = YES;
				CLANG_WARN_OBJC_IMPLICIT_RETAIN_SELF = YES;
				CLANG_WARN_OBJC_LITERAL_CONVERSION = YES;
				CLANG_WARN_OBJC_ROOT_CLASS = YES_ERROR;
				CLANG_WARN_QUOTED_INCLUDE_IN_FRAMEWORK_HEADER = YES;
				CLANG_WARN_RANGE_LOOP_ANALYSIS = YES;
				CLANG_WARN_STRICT_PROTOTYPES = YES;
				CLANG_WARN_SUSPICIOUS_MOVE = YES;
				CLANG_WARN_UNGUARDED_AVAILABILITY = YES_AGGRESSIVE;
				CLANG_WARN_UNREACHABLE_CODE = YES;
				CLANG_WARN__DUPLICATE_METHOD_MATCH = YES;
				COPY_PHASE_STRIP = NO;
				DEBUG_INFORMATION_FORMAT = dwarf;
				ENABLE_STRICT_OBJC_MSGSEND = YES;
				ENABLE_TESTABILITY = YES;
				GCC_C_LANGUAGE_STANDARD = gnu11;
				GCC_DYNAMIC_NO_PIC = NO;
				GCC_NO_COMMON_BLOCKS = YES;
				GCC_OPTIMIZATION_LEVEL = 0;
				GCC_PREPROCESSOR_DEFINITIONS = (
					"DEBUG=1",
					"$(inherited)",
				);
				GCC_WARN_64_TO_32_BIT_CONVERSION = YES;
				GCC_WARN_ABOUT_RETURN_TYPE = YES_ERROR;
				GCC_WARN_UNDECLARED_SELECTOR = YES;
				GCC_WARN_UNINITIALIZED_AUTOS = YES_AGGRESSIVE;
				GCC_WARN_UNUSED_FUNCTION = YES;
				GCC_WARN_UNUSED_VARIABLE = YES;
				IPHONEOS_DEPLOYMENT_TARGET = 15.5;
				MTL_ENABLE_DEBUG_INFO = INCLUDE_SOURCE;
				MTL_FAST_MATH = YES;
				ONLY_ACTIVE_ARCH = YES;
				SDKROOT = iphoneos;
				SWIFT_ACTIVE_COMPILATION_CONDITIONS = DEBUG;
				SWIFT_OPTIMIZATION_LEVEL = "-Onone";
			};
			name = Debug;
		};
		29696D6B28CA588700DEAB9E /* Release */ = {
			isa = XCBuildConfiguration;
			buildSettings = {
				ALWAYS_SEARCH_USER_PATHS = NO;
				CLANG_ANALYZER_NONNULL = YES;
				CLANG_ANALYZER_NUMBER_OBJECT_CONVERSION = YES_AGGRESSIVE;
				CLANG_CXX_LANGUAGE_STANDARD = "gnu++17";
				CLANG_ENABLE_MODULES = YES;
				CLANG_ENABLE_OBJC_ARC = YES;
				CLANG_ENABLE_OBJC_WEAK = YES;
				CLANG_WARN_BLOCK_CAPTURE_AUTORELEASING = YES;
				CLANG_WARN_BOOL_CONVERSION = YES;
				CLANG_WARN_COMMA = YES;
				CLANG_WARN_CONSTANT_CONVERSION = YES;
				CLANG_WARN_DEPRECATED_OBJC_IMPLEMENTATIONS = YES;
				CLANG_WARN_DIRECT_OBJC_ISA_USAGE = YES_ERROR;
				CLANG_WARN_DOCUMENTATION_COMMENTS = YES;
				CLANG_WARN_EMPTY_BODY = YES;
				CLANG_WARN_ENUM_CONVERSION = YES;
				CLANG_WARN_INFINITE_RECURSION = YES;
				CLANG_WARN_INT_CONVERSION = YES;
				CLANG_WARN_NON_LITERAL_NULL_CONVERSION = YES;
				CLANG_WARN_OBJC_IMPLICIT_RETAIN_SELF = YES;
				CLANG_WARN_OBJC_LITERAL_CONVERSION = YES;
				CLANG_WARN_OBJC_ROOT_CLASS = YES_ERROR;
				CLANG_WARN_QUOTED_INCLUDE_IN_FRAMEWORK_HEADER = YES;
				CLANG_WARN_RANGE_LOOP_ANALYSIS = YES;
				CLANG_WARN_STRICT_PROTOTYPES = YES;
				CLANG_WARN_SUSPICIOUS_MOVE = YES;
				CLANG_WARN_UNGUARDED_AVAILABILITY = YES_AGGRESSIVE;
				CLANG_WARN_UNREACHABLE_CODE = YES;
				CLANG_WARN__DUPLICATE_METHOD_MATCH = YES;
				COPY_PHASE_STRIP = NO;
				DEBUG_INFORMATION_FORMAT = "dwarf-with-dsym";
				ENABLE_NS_ASSERTIONS = NO;
				ENABLE_STRICT_OBJC_MSGSEND = YES;
				GCC_C_LANGUAGE_STANDARD = gnu11;
				GCC_NO_COMMON_BLOCKS = YES;
				GCC_WARN_64_TO_32_BIT_CONVERSION = YES;
				GCC_WARN_ABOUT_RETURN_TYPE = YES_ERROR;
				GCC_WARN_UNDECLARED_SELECTOR = YES;
				GCC_WARN_UNINITIALIZED_AUTOS = YES_AGGRESSIVE;
				GCC_WARN_UNUSED_FUNCTION = YES;
				GCC_WARN_UNUSED_VARIABLE = YES;
				IPHONEOS_DEPLOYMENT_TARGET = 15.5;
				MTL_ENABLE_DEBUG_INFO = NO;
				MTL_FAST_MATH = YES;
				SDKROOT = iphoneos;
				SWIFT_COMPILATION_MODE = wholemodule;
				SWIFT_OPTIMIZATION_LEVEL = "-O";
				VALIDATE_PRODUCT = YES;
			};
			name = Release;
		};
		29696D6D28CA588700DEAB9E /* Debug */ = {
			isa = XCBuildConfiguration;
			buildSettings = {
				ASSETCATALOG_COMPILER_APPICON_NAME = AppIcon;
				ASSETCATALOG_COMPILER_GLOBAL_ACCENT_COLOR_NAME = AccentColor;
				CODE_SIGN_STYLE = Automatic;
				CURRENT_PROJECT_VERSION = 1;
				DEVELOPMENT_TEAM = WMQAY222QK;
				GENERATE_INFOPLIST_FILE = YES;
				INFOPLIST_FILE = PostKzTest/Core/Resourses/Info.plist;
				INFOPLIST_KEY_UIApplicationSupportsIndirectInputEvents = YES;
				INFOPLIST_KEY_UILaunchStoryboardName = LaunchScreen;
				INFOPLIST_KEY_UIMainStoryboardFile = Main;
				INFOPLIST_KEY_UISupportedInterfaceOrientations_iPad = "UIInterfaceOrientationPortrait UIInterfaceOrientationPortraitUpsideDown UIInterfaceOrientationLandscapeLeft UIInterfaceOrientationLandscapeRight";
				INFOPLIST_KEY_UISupportedInterfaceOrientations_iPhone = "UIInterfaceOrientationPortrait UIInterfaceOrientationLandscapeLeft UIInterfaceOrientationLandscapeRight";
				LD_RUNPATH_SEARCH_PATHS = (
					"$(inherited)",
					"@executable_path/Frameworks",
				);
				MARKETING_VERSION = 1.0;
				PRODUCT_BUNDLE_IDENTIFIER = mycompany.PostKzTest;
				PRODUCT_NAME = "$(TARGET_NAME)";
				SWIFT_EMIT_LOC_STRINGS = YES;
				SWIFT_VERSION = 5.0;
				TARGETED_DEVICE_FAMILY = "1,2";
			};
			name = Debug;
		};
		29696D6E28CA588700DEAB9E /* Release */ = {
			isa = XCBuildConfiguration;
			buildSettings = {
				ASSETCATALOG_COMPILER_APPICON_NAME = AppIcon;
				ASSETCATALOG_COMPILER_GLOBAL_ACCENT_COLOR_NAME = AccentColor;
				CODE_SIGN_STYLE = Automatic;
				CURRENT_PROJECT_VERSION = 1;
				DEVELOPMENT_TEAM = WMQAY222QK;
				GENERATE_INFOPLIST_FILE = YES;
				INFOPLIST_FILE = PostKzTest/Core/Resourses/Info.plist;
				INFOPLIST_KEY_UIApplicationSupportsIndirectInputEvents = YES;
				INFOPLIST_KEY_UILaunchStoryboardName = LaunchScreen;
				INFOPLIST_KEY_UIMainStoryboardFile = Main;
				INFOPLIST_KEY_UISupportedInterfaceOrientations_iPad = "UIInterfaceOrientationPortrait UIInterfaceOrientationPortraitUpsideDown UIInterfaceOrientationLandscapeLeft UIInterfaceOrientationLandscapeRight";
				INFOPLIST_KEY_UISupportedInterfaceOrientations_iPhone = "UIInterfaceOrientationPortrait UIInterfaceOrientationLandscapeLeft UIInterfaceOrientationLandscapeRight";
				LD_RUNPATH_SEARCH_PATHS = (
					"$(inherited)",
					"@executable_path/Frameworks",
				);
				MARKETING_VERSION = 1.0;
				PRODUCT_BUNDLE_IDENTIFIER = mycompany.PostKzTest;
				PRODUCT_NAME = "$(TARGET_NAME)";
				SWIFT_EMIT_LOC_STRINGS = YES;
				SWIFT_VERSION = 5.0;
				TARGETED_DEVICE_FAMILY = "1,2";
			};
			name = Release;
		};
/* End XCBuildConfiguration section */

/* Begin XCConfigurationList section */
		29696D5328CA588600DEAB9E /* Build configuration list for PBXProject "PostKzTest" */ = {
			isa = XCConfigurationList;
			buildConfigurations = (
				29696D6A28CA588700DEAB9E /* Debug */,
				29696D6B28CA588700DEAB9E /* Release */,
			);
			defaultConfigurationIsVisible = 0;
			defaultConfigurationName = Release;
		};
		29696D6C28CA588700DEAB9E /* Build configuration list for PBXNativeTarget "PostKzTest" */ = {
			isa = XCConfigurationList;
			buildConfigurations = (
				29696D6D28CA588700DEAB9E /* Debug */,
				29696D6E28CA588700DEAB9E /* Release */,
			);
			defaultConfigurationIsVisible = 0;
			defaultConfigurationName = Release;
		};
/* End XCConfigurationList section */
	};
	rootObject = 29696D5028CA588600DEAB9E /* Project object */;
}
